# THIS IS AN AUTOGENERATED FILE. DO NOT EDIT THIS FILE DIRECTLY.
# yarn lockfile v1


add-subtract-date@^1.0.15:
  version "1.0.15"
  resolved "https://registry.yarnpkg.com/add-subtract-date/-/add-subtract-date-1.0.15.tgz#dd81b9236795b3ed113131dc1a325833c856c8bc"
  integrity sha512-MiL4wnMyM999meyCrSA3LME9uZ/b5ptSd0ACDVUoTfutFwvkMyIN7nG7gjrU56WEk5RlFLBghabcgdYwY8s+nQ==

days@^1.0.1, days@^1.1.1:
  version "1.1.1"
  resolved "https://registry.yarnpkg.com/days/-/days-1.1.1.tgz#b039d1e5ad5335ca689401855546f02d4cfcb362"
  integrity sha512-vzeIwVsEIyA35GH4+mPd4hjVDNI87wYANyZFs0BHjBr5kIBH5zEl7LfD6Wr4SFZca4D3CU9IH1w4DuZLlXzKRw==

elly@^1.1.11:
  version "1.1.11"
  resolved "https://registry.yarnpkg.com/elly/-/elly-1.1.11.tgz#2600ad6b72548e39f9b792d2c4d46955ed59e12a"
  integrity sha512-WFKVcEKEOjdSOhNYFKWQoJDk0Sb0re6v0fIsGkePn97dmPpKM/YoOKRdYIb34T1R13KPRNzDBDmT/Flb/54NXg==
  dependencies:
    iterate-object "^1.3.2"
    sliced "^1.0.1"

fillo@^1.0.0, fillo@^1.0.13:
  version "1.0.13"
  resolved "https://registry.yarnpkg.com/fillo/-/fillo-1.0.13.tgz#31ff0dba75f33b04bada715277bd220448d80553"
  integrity sha512-9LYJ0ww96DUYETd2Bia5NS1b8rj42nEE5zsfcUwDErMopTs6BRBe4dRIVjrZGXSiK4vNSL/Q3u0dyqbmkA2Zdg==

formatoid@^1.2.4:
  version "1.2.4"
  resolved "https://registry.yarnpkg.com/formatoid/-/formatoid-1.2.4.tgz#924e5328566ad867a3c7658ec12f8b629fcbfe97"
  integrity sha512-9wWHOPJvbIheSpiHGl0xaBwdszlzPaeh2KqHVexGQnKpO85xrMoKvuf6M3q0B4uC3I9lkXjH6+8ipQC8PQ/7Gw==
  dependencies:
    days "^1.0.1"
    fillo "^1.0.0"
    months "^1.0.0"
    parse-it "^1.0.0"

github-calendar-legend@^1.0.11:
  version "1.0.11"
  resolved "https://registry.yarnpkg.com/github-calendar-legend/-/github-calendar-legend-1.0.11.tgz#0ffca7a893956d0babd4019bcbfbba5be230e3c7"
  integrity sha512-V7AkszKw2fMeU+g6W5dQ7vDGzJ3giSaukdOUEdUqhcHhQDVYcQf7c0Q3korbQzJsh+Wh3MqyPtN+ZSAuEnHP2A==

github-calendar-parser@^1.1.13, github-calendar-parser@^1.2.1:
  version "1.2.1"
  resolved "https://registry.yarnpkg.com/github-calendar-parser/-/github-calendar-parser-1.2.1.tgz#e09bebb9697df71c34edfaa9e35301f0c87d43c9"
  integrity sha512-HRam9NukOcj+hv2+idiaaWx1XpgwaWfIfXme4jAFjY48Oxk++vVpm0M/yZpESo9Z4k7xK8iUQbSTtRPDyVngZw==
  dependencies:
    github-calendar-legend "^1.0.11"

github-calendar@^2.3.1:
  version "2.3.1"
  resolved "https://registry.yarnpkg.com/github-calendar/-/github-calendar-2.3.1.tgz#80d9da5ca36166703af04b7c67b5b1f9426bd2d1"
  integrity sha512-175qRO4I6MsCknGXvxRM4RvIbclJU+301ZY1HwDcdACD6mNAkIXiidIiHPDG6G1vXa0ROqfIRKU8XACRamncYQ==
  dependencies:
    add-subtract-date "^1.0.15"
    elly "^1.1.11"
    formatoid "^1.2.4"
    github-calendar-parser "^1.1.13"

iterate-object@^1.3.2, iterate-object@^1.3.4:
  version "1.3.4"
  resolved "https://registry.yarnpkg.com/iterate-object/-/iterate-object-1.3.4.tgz#fa50b1d9e58e340a7dd6b4c98c8a5e182e790096"
  integrity sha512-4dG1D1x/7g8PwHS9aK6QV5V94+ZvyP4+d19qDv43EzImmrndysIl4prmJ1hWWIGCqrZHyaHBm6BSEWHOLnpoNw==

months@^1.0.0, months@^1.2.0:
  version "1.2.0"
  resolved "https://registry.yarnpkg.com/months/-/months-1.2.0.tgz#beef54873960334abe0b03f6b38db8adb44a13ac"
  integrity sha512-zFM7hUpziSYGk2DNObYGWgHdRRxAOgjl8CC1Rbl50p/q0rGDsREfk0nbxxmSIquVi/lEAuUY8nwbwkZ8biNCOQ==

parse-it@^1.0.0, parse-it@^1.0.10:
  version "1.0.10"
  resolved "https://registry.yarnpkg.com/parse-it/-/parse-it-1.0.10.tgz#1b54b770e1703f257cee71c234db8f924f9293b8"
  integrity sha512-VAG4EuoNd2TT2wSRUuKyLEkZR3MhdWc+3UPp5CDQzqSt/FiniG+yJ5RXyJYiuzVAMEKL4d97gx6O3LR5jEB3uQ==
  dependencies:
    regex-escape "^3.4.0"

regex-escape@^3.4.0, regex-escape@^3.4.10:
  version "3.4.10"
  resolved "https://registry.yarnpkg.com/regex-escape/-/regex-escape-3.4.10.tgz#b45afec7a6e793b786ad193dc3d18b46b5ae08e6"
  integrity sha512-qEqf7uzW+iYcKNLMDFnMkghhQBnGdivT6KqVQyKsyjSWnoFyooXVnxrw9dtv3AFLnD6VBGXxtZGAQNFGFTnCqA==

sliced@^1.0.1:
  version "1.0.1"
  resolved "https://registry.yarnpkg.com/sliced/-/sliced-1.0.1.tgz#0b3a662b5d04c3177b1926bea82b03f837a2ef41"
  integrity sha512-VZBmZP8WU3sMOZm1bdgTadsQbcscK0UM8oKxKVBs4XAhUo2Xxzm/OFMGBkPusxw9xL3Uy8LrzEqGqJhclsr0yA==
